<?xml version="1.0" encoding="utf-8"?>
<Project ToolsVersion="4.0" xmlns="http://schemas.microsoft.com/developer/msbuild/2003">
  <ItemGroup>
    <Filter Include="Source Files">
      <UniqueIdentifier>{4FC737F1-C7A5-4376-A066-2A32D752A2FF}</UniqueIdentifier>
      <Extensions>cpp;c;cc;cxx;c++;cppm;ixx;def;odl;idl;hpj;bat;asm;asmx</Extensions>
    </Filter>
    <Filter Include="Source Files\Scripts">
      <UniqueIdentifier>{0625ca35-234e-41cd-be57-7ac28e8aece8}</UniqueIdentifier>
    </Filter>
    <Filter Include="Source Files\Renderers">
      <UniqueIdentifier>{7e25eeb2-96ce-471b-9f8f-bb0ca70044d6}</UniqueIdentifier>
    </Filter>
    <Filter Include="Source Files\Synch">
      <UniqueIdentifier>{266a358a-99be-426f-8a1c-6d05dad35a52}</UniqueIdentifier>
    </Filter>
    <Filter Include="Source Files\GameActions">
      <UniqueIdentifier>{a69414f8-3c7b-46bb-baf9-a513697154cd}</UniqueIdentifier>
    </Filter>
    <Filter Include="Natvis">
      <UniqueIdentifier>{8023b4be-7f20-461a-9ee5-15a177ac5937}</UniqueIdentifier>
    </Filter>
    <Filter Include="Source Files\InGameScript">
      <UniqueIdentifier>{696c85e0-a64a-4ed6-bc82-261e260f1430}</UniqueIdentifier>
    </Filter>
    <Filter Include="Source Files\Game">
      <UniqueIdentifier>{53073d20-e92b-4c3b-9f07-31ee1e72eead}</UniqueIdentifier>
    </Filter>
    <Filter Include="Source Files\Scripts\DebugUI">
      <UniqueIdentifier>{d0decef0-eb9d-4266-b3be-90a17ad3db5f}</UniqueIdentifier>
    </Filter>
    <Filter Include="Source Files\Scripts\Monsters">
      <UniqueIdentifier>{09ac33a3-1ed6-4b0d-828c-9a30c81caba5}</UniqueIdentifier>
    </Filter>
    <Filter Include="Source Files\Game\Item">
      <UniqueIdentifier>{c34800a3-3a3d-449d-80a6-7d7f6ca5072b}</UniqueIdentifier>
    </Filter>
    <Filter Include="Source Files\Game\Item\ItemIconLoader">
      <UniqueIdentifier>{87468fbe-94f2-4bf2-b4a7-4a93770e0c0d}</UniqueIdentifier>
    </Filter>
    <Filter Include="Source Files\Game\Skill">
      <UniqueIdentifier>{7b74296d-31bf-43d5-969a-093cfac6cd3c}</UniqueIdentifier>
    </Filter>
  </ItemGroup>
  <ItemGroup>
    <ClCompile Include="main.cpp">
      <Filter>Source Files</Filter>
    </ClCompile>
    <ClCompile Include="..\GameActions\UserInputAction.cpp">
      <Filter>Source Files\GameActions</Filter>
    </ClCompile>
    <ClCompile Include="..\GameActions\GameActionConfig.cpp">
      <Filter>Source Files\GameActions</Filter>
    </ClCompile>
    <ClCompile Include="..\GameActions\MatchStartAction.cpp">
      <Filter>Source Files\GameActions</Filter>
    </ClCompile>
    <ClCompile Include="GameInit.cpp">
      <Filter>Source Files</Filter>
    </ClCompile>
    <ClCompile Include="UIConsole.cpp">
      <Filter>Source Files\Scripts\DebugUI</Filter>
    </ClCompile>
    <ClCompile Include="InGameAPI.cpp">
      <Filter>Source Files\InGameScript</Filter>
    </ClCompile>
    <ClCompile Include="BindPython.cpp">
      <Filter>Source Files\InGameScript</Filter>
    </ClCompile>
    <ClCompile Include="ItemIconLoader.cpp">
      <Filter>Source Files\Game\Item\ItemIconLoader</Filter>
    </ClCompile>
    <ClCompile Include="GameMap.cpp">
      <Filter>Source Files\Game</Filter>
    </ClCompile>
    <ClCompile Include="Item.cpp">
      <Filter>Source Files\Game\Item</Filter>
    </ClCompile>
    <ClCompile Include="Flash.cpp">
      <Filter>Source Files\Game\Skill</Filter>
    </ClCompile>
  </ItemGroup>
  <ItemGroup>
    <ClInclude Include="PlayerScript.h">
      <Filter>Source Files\Scripts</Filter>
    </ClInclude>
    <ClInclude Include="BulletScript.h">
      <Filter>Source Files\Scripts</Filter>
    </ClInclude>
    <ClInclude Include="MapRenderer.h">
      <Filter>Source Files\Renderers</Filter>
    </ClInclude>
    <ClInclude Include="GameLoopHandler.h">
      <Filter>Source Files</Filter>
    </ClInclude>
    <ClInclude Include="Global.h">
      <Filter>Source Files</Filter>
    </ClInclude>
    <ClInclude Include="..\Synch\ByteStream.h">
      <Filter>Source Files\Synch</Filter>
    </ClInclude>
    <ClInclude Include="..\Synch\Package.h">
      <Filter>Source Files\Synch</Filter>
    </ClInclude>
    <ClInclude Include="..\GameActions\GameActions.h">
      <Filter>Source Files\GameActions</Filter>
    </ClInclude>
    <ClInclude Include="..\GameActions\UserInputAction.h">
      <Filter>Source Files\GameActions</Filter>
    </ClInclude>
    <ClInclude Include="..\GameActions\GameActionConfig.h">
      <Filter>Source Files\GameActions</Filter>
    </ClInclude>
    <ClInclude Include="..\GameActions\MatchStartAction.h">
      <Filter>Source Files\GameActions</Filter>
    </ClInclude>
    <ClInclude Include="GameInit.h">
      <Filter>Source Files</Filter>
    </ClInclude>
    <ClInclude Include="TAG.h">
      <Filter>Source Files</Filter>
    </ClInclude>
    <ClInclude Include="UIScript.h">
      <Filter>Source Files\Scripts</Filter>
    </ClInclude>
    <ClInclude Include="UIConsole.h">
      <Filter>Source Files\Scripts\DebugUI</Filter>
    </ClInclude>
    <ClInclude Include="GameSetting.h">
      <Filter>Source Files</Filter>
    </ClInclude>
    <ClInclude Include="BindPython.h">
      <Filter>Source Files\InGameScript</Filter>
    </ClInclude>
    <ClInclude Include="GameMap.h">
      <Filter>Source Files\Game</Filter>
    </ClInclude>
    <ClInclude Include="PathFinder.h">
      <Filter>Source Files\Game</Filter>
    </ClInclude>
    <ClInclude Include="UIDebugPathFinder.h">
      <Filter>Source Files\Scripts\DebugUI</Filter>
    </ClInclude>
    <ClInclude Include="GameConfig.h">
      <Filter>Source Files\Game</Filter>
    </ClInclude>
    <ClInclude Include="Monster.h">
      <Filter>Source Files\Scripts\Monsters</Filter>
    </ClInclude>
    <ClInclude Include="DebugRenderer.h">
      <Filter>Source Files\Renderers</Filter>
    </ClInclude>
    <ClInclude Include="InGameAPI.h">
      <Filter>Source Files\InGameScript</Filter>
    </ClInclude>
    <ClInclude Include="ItemIconLoader.h">
      <Filter>Source Files\Game\Item\ItemIconLoader</Filter>
    </ClInclude>
    <ClInclude Include="Preload.h">
      <Filter>Source Files</Filter>
    </ClInclude>
    <ClInclude Include="Item.h">
      <Filter>Source Files\Game\Item</Filter>
    </ClInclude>
    <ClInclude Include="Skill.h">
      <Filter>Source Files\Game\Skill</Filter>
    </ClInclude>
    <ClInclude Include="Flash.h">
      <Filter>Source Files\Game\Skill</Filter>
    </ClInclude>
    <ClInclude Include="GameUtils.h">
      <Filter>Source Files\Game</Filter>
    </ClInclude>
    <ClInclude Include="ProcessBarRenderer.h">
      <Filter>Source Files\Renderers</Filter>
    </ClInclude>
  </ItemGroup>
  <ItemGroup>
    <Natvis Include="..\DebugView.natvis">
      <Filter>Natvis</Filter>
    </Natvis>
    <Natvis Include="..\glm.natvis">
      <Filter>Natvis</Filter>
    </Natvis>
  </ItemGroup>
</Project>