<?xml version="1.0" encoding="utf-8"?>
<Project ToolsVersion="4.0" xmlns="http://schemas.microsoft.com/developer/msbuild/2003">
  <ItemGroup>
    <Filter Include="Source Files">
      <UniqueIdentifier>{4FC737F1-C7A5-4376-A066-2A32D752A2FF}</UniqueIdentifier>
      <Extensions>cpp;c;cc;cxx;c++;cppm;ixx;def;odl;idl;hpj;bat;asm;asmx</Extensions>
    </Filter>
    <Filter Include="Source Files\Scripts">
      <UniqueIdentifier>{0625ca35-234e-41cd-be57-7ac28e8aece8}</UniqueIdentifier>
    </Filter>
    <Filter Include="Source Files\Renderers">
      <UniqueIdentifier>{7e25eeb2-96ce-471b-9f8f-bb0ca70044d6}</UniqueIdentifier>
    </Filter>
    <Filter Include="Source Files\Synch">
      <UniqueIdentifier>{266a358a-99be-426f-8a1c-6d05dad35a52}</UniqueIdentifier>
    </Filter>
    <Filter Include="Source Files\GameActions">
      <UniqueIdentifier>{a69414f8-3c7b-46bb-baf9-a513697154cd}</UniqueIdentifier>
    </Filter>
    <Filter Include="Natvis">
      <UniqueIdentifier>{8023b4be-7f20-461a-9ee5-15a177ac5937}</UniqueIdentifier>
    </Filter>
  </ItemGroup>
  <ItemGroup>
    <ClCompile Include="main.cpp">
      <Filter>Source Files</Filter>
    </ClCompile>
    <ClCompile Include="..\GameActions\UserInputAction.cpp">
      <Filter>Source Files\GameActions</Filter>
    </ClCompile>
    <ClCompile Include="..\GameActions\GameActionConfig.cpp">
      <Filter>Source Files\GameActions</Filter>
    </ClCompile>
    <ClCompile Include="..\GameActions\MatchStartAction.cpp">
      <Filter>Source Files\GameActions</Filter>
    </ClCompile>
    <ClCompile Include="GameInit.cpp">
      <Filter>Source Files</Filter>
    </ClCompile>
  </ItemGroup>
  <ItemGroup>
    <ClInclude Include="PlayerScript.h">
      <Filter>Source Files\Scripts</Filter>
    </ClInclude>
    <ClInclude Include="BulletScript.h">
      <Filter>Source Files\Scripts</Filter>
    </ClInclude>
    <ClInclude Include="MapRenderer.h">
      <Filter>Source Files\Renderers</Filter>
    </ClInclude>
    <ClInclude Include="GameLoopHandler.h">
      <Filter>Source Files</Filter>
    </ClInclude>
    <ClInclude Include="Global.h">
      <Filter>Source Files</Filter>
    </ClInclude>
    <ClInclude Include="..\Synch\ByteStream.h">
      <Filter>Source Files\Synch</Filter>
    </ClInclude>
    <ClInclude Include="..\Synch\Package.h">
      <Filter>Source Files\Synch</Filter>
    </ClInclude>
    <ClInclude Include="..\GameActions\GameActions.h">
      <Filter>Source Files\GameActions</Filter>
    </ClInclude>
    <ClInclude Include="..\GameActions\UserInputAction.h">
      <Filter>Source Files\GameActions</Filter>
    </ClInclude>
    <ClInclude Include="..\GameActions\GameActionConfig.h">
      <Filter>Source Files\GameActions</Filter>
    </ClInclude>
    <ClInclude Include="..\GameActions\MatchStartAction.h">
      <Filter>Source Files\GameActions</Filter>
    </ClInclude>
    <ClInclude Include="GameInit.h">
      <Filter>Source Files</Filter>
    </ClInclude>
  </ItemGroup>
  <ItemGroup>
    <Natvis Include="..\DebugView.natvis">
      <Filter>Natvis</Filter>
    </Natvis>
  </ItemGroup>
</Project>