<?xml version="1.0" encoding="utf-8"?>
<Project ToolsVersion="4.0" xmlns="http://schemas.microsoft.com/developer/msbuild/2003">
  <ItemGroup>
    <Filter Include="Source Files">
      <UniqueIdentifier>{4FC737F1-C7A5-4376-A066-2A32D752A2FF}</UniqueIdentifier>
      <Extensions>cpp;c;cc;cxx;c++;cppm;ixx;def;odl;idl;hpj;bat;asm;asmx</Extensions>
    </Filter>
    <Filter Include="Source Files\Synch">
      <UniqueIdentifier>{092f6290-22ea-4266-9e43-5e13c73f9cf9}</UniqueIdentifier>
    </Filter>
    <Filter Include="Source Files\GameActions">
      <UniqueIdentifier>{93e23fa0-37d3-40b4-bb6a-d36030b0c086}</UniqueIdentifier>
    </Filter>
    <Filter Include="Natvis">
      <UniqueIdentifier>{a8b0afe3-ddc9-46f5-b9e6-327c29b59c71}</UniqueIdentifier>
    </Filter>
    <Filter Include="Source Files\Game">
      <UniqueIdentifier>{23c4bcc7-6201-466d-b8a2-1dcaa4da98f3}</UniqueIdentifier>
    </Filter>
  </ItemGroup>
  <ItemGroup>
    <ClCompile Include="main.cpp">
      <Filter>Source Files</Filter>
    </ClCompile>
    <ClCompile Include="..\GameActions\UserInputAction.cpp">
      <Filter>Source Files\GameActions</Filter>
    </ClCompile>
    <ClCompile Include="..\GameActions\GameActionConfig.cpp">
      <Filter>Source Files\GameActions</Filter>
    </ClCompile>
    <ClCompile Include="..\GameActions\MatchStartAction.cpp">
      <Filter>Source Files\GameActions</Filter>
    </ClCompile>
    <ClCompile Include="GameRoom.cpp">
      <Filter>Source Files</Filter>
    </ClCompile>
  </ItemGroup>
  <ItemGroup>
    <ClInclude Include="Global.h">
      <Filter>Source Files</Filter>
    </ClInclude>
    <ClInclude Include="GameRoom.h">
      <Filter>Source Files</Filter>
    </ClInclude>
    <ClInclude Include="..\Synch\Package.h">
      <Filter>Source Files\Synch</Filter>
    </ClInclude>
    <ClInclude Include="..\Synch\ByteStream.h">
      <Filter>Source Files\Synch</Filter>
    </ClInclude>
    <ClInclude Include="..\Synch\Action.h">
      <Filter>Source Files\Synch</Filter>
    </ClInclude>
    <ClInclude Include="..\GameActions\GameActions.h">
      <Filter>Source Files\GameActions</Filter>
    </ClInclude>
    <ClInclude Include="..\GameActions\UserInputAction.h">
      <Filter>Source Files\GameActions</Filter>
    </ClInclude>
    <ClInclude Include="..\GameActions\GameActionConfig.h">
      <Filter>Source Files\GameActions</Filter>
    </ClInclude>
    <ClInclude Include="..\GameActions\MatchStartAction.h">
      <Filter>Source Files\GameActions</Filter>
    </ClInclude>
    <ClInclude Include="..\Synch\FixedSizeConcurrentQueue.h">
      <Filter>Source Files\Synch</Filter>
    </ClInclude>
    <ClInclude Include="GameMgr.h">
      <Filter>Source Files\Game</Filter>
    </ClInclude>
    <ClInclude Include="MazeGenerator.h">
      <Filter>Source Files\Game</Filter>
    </ClInclude>
    <ClInclude Include="ServerConfig.h">
      <Filter>Source Files</Filter>
    </ClInclude>
  </ItemGroup>
  <ItemGroup>
    <Natvis Include="..\DebugView.natvis">
      <Filter>Natvis</Filter>
    </Natvis>
  </ItemGroup>
</Project>